{
  "requires": true,
  "lockfileVersion": 1,
  "dependencies": {
    "@faker-js/faker": {
      "version": "8.0.1",
      "resolved": "https://registry.npmjs.org/@faker-js/faker/-/faker-8.0.1.tgz",
      "integrity": "sha512-kbh5MenpTN9U0B4QcOI1NoTPlZHniSYQ3BHbhAnPjJGAmmFqxoxTE4sGdpy7ZOO9038DPGCuhXyMkjOr05uVwA=="
    },
    "@types/google.maps": {
      "version": "3.53.1",
      "resolved": "https://registry.npmjs.org/@types/google.maps/-/google.maps-3.53.1.tgz",
      "integrity": "sha512-+7JVpq+kFzTU3TweSz6huYuFedZ4s60WeABaXYU6rDZczdpfoQ5DuZNCDc/eAAcdFJpxMMDpzf3d9YTMNodBFg=="
    }
  }
}
